[{<<"bson">>,
  {git,"git://github.com/comtihon/bson-erlang",
       {ref,"14308ab927cfa69324742c3de720578094e0bb19"}},
  1},
 {<<"cowboy">>,
  {git,"https://github.com/ninenines/cowboy",
       {ref,"d8cdd9bd15e76dca3014f6f76c0ab6666b1dbda3"}},
  0},
 {<<"cowlib">>,
  {git,"https://github.com/ninenines/cowlib",
       {ref,"e4da2077723a26301de516c8da9b0b330545b5af"}},
  1},
 {<<"erlcron">>,
  {git,"https://github.com/erlware/erlcron.git",
       {ref,"5c50aedfb33f9c3c08d98afe56d2b6ad2e2c811d"}},
  0},
 {<<"gen_smtp">>,
  {git,"https://github.com/Vagabond/gen_smtp.git",
       {ref,"2c02d357b6cdedf9adcfdc49f6b250c5eb7203e2"}},
  0},
 {<<"mongodb">>,
  {git,"git://github.com/comtihon/mongodb-erlang",
       {ref,"df59a67dcb7a2a2e734ff5f3a0a18817c76e8410"}},
  0},
 {<<"pbkdf2">>,
  {git,"git://github.com/comtihon/erlang-pbkdf2.git",
       {ref,"7076584f5377e98600a7e2cb81980b2992fb2f71"}},
  1},
 {<<"poolboy">>,
  {git,"git://github.com/comtihon/poolboy.git",
       {ref,"04ea8a5479b273a052942755ebdc42c9e318d907"}},
  1},
 {<<"ranch">>,
  {git,"https://github.com/ninenines/ranch",
       {ref,"40809cd2b257a8a53bcb5588ecaa88cc5381ff5c"}},
  1},
 {<<"rebar_vsn_plugin">>,
  {git,"https://github.com/erlware/rebar_vsn_plugin.git",
       {ref,"fd40c960c7912193631d948fe962e1162a8d1334"}},
  1},
 {<<"uuid">>,
  {git,"https://github.com/travis/erlang-uuid.git",
       {ref,"f6a1cf9027e4af78b4a81201f4f6db1a822b8316"}},
  0}].
